
Microsoft Visual Studio Solution File, Format Version 12.00
# Visual Studio 2012
Project("{FAE04EC0-301F-11D3-BF4B-00C04F79EFBC}") = "JBuilder", "JBuilder\JBuilder.csproj", "{4A552799-76B7-4DDB-8755-F349F0B61791}"
EndProject
Project("{FAE04EC0-301F-11D3-BF4B-00C04F79EFBC}") = "JBuilder.UnitTest", "JBuilder.UnitTest\JBuilder.UnitTest.csproj", "{B36FCEB5-A7C2-4022-99A7-76E560503E72}"
EndProject
Global
	GlobalSection(SolutionConfigurationPlatforms) = preSolution
		Debug|Any CPU = Debug|Any CPU
		Release|Any CPU = Release|Any CPU
	EndGlobalSection
	GlobalSection(ProjectConfigurationPlatforms) = postSolution
		{4A552799-76B7-4DDB-8755-F349F0B61791}.Debug|Any CPU.ActiveCfg = Debug|Any CPU
		{4A552799-76B7-4DDB-8755-F349F0B61791}.Debug|Any CPU.Build.0 = Debug|Any CPU
		{4A552799-76B7-4DDB-8755-F349F0B61791}.Release|Any CPU.ActiveCfg = Release|Any CPU
		{4A552799-76B7-4DDB-8755-F349F0B61791}.Release|Any CPU.Build.0 = Release|Any CPU
		{B36FCEB5-A7C2-4022-99A7-76E560503E72}.Debug|Any CPU.ActiveCfg = Debug|Any CPU
		{B36FCEB5-A7C2-4022-99A7-76E560503E72}.Debug|Any CPU.Build.0 = Debug|Any CPU
		{B36FCEB5-A7C2-4022-99A7-76E560503E72}.Release|Any CPU.ActiveCfg = Release|Any CPU
		{B36FCEB5-A7C2-4022-99A7-76E560503E72}.Release|Any CPU.Build.0 = Release|Any CPU
	EndGlobalSection
	GlobalSection(SolutionProperties) = preSolution
		HideSolutionNode = FALSE
	EndGlobalSection
EndGlobal
